// !$*UTF8*$!
{
	archiveVersion = 1;
	classes = {
	};
	objectVersion = 50;
	objects = {

/* Begin PBXBuildFile section */
		F84FC72423DBF816003F5BCD /* AppDelegate.swift in Sources */ = {isa = PBXBuildFile; fileRef = F84FC72323DBF816003F5BCD /* AppDelegate.swift */; };
		F84FC72623DBF816003F5BCD /* SceneDelegate.swift in Sources */ = {isa = PBXBuildFile; fileRef = F84FC72523DBF816003F5BCD /* SceneDelegate.swift */; };
		F84FC72823DBF816003F5BCD /* ViewController.swift in Sources */ = {isa = PBXBuildFile; fileRef = F84FC72723DBF816003F5BCD /* ViewController.swift */; };
		F84FC72B23DBF816003F5BCD /* Main.storyboard in Resources */ = {isa = PBXBuildFile; fileRef = F84FC72923DBF816003F5BCD /* Main.storyboard */; };
		F84FC72D23DBF817003F5BCD /* Assets.xcassets in Resources */ = {isa = PBXBuildFile; fileRef = F84FC72C23DBF817003F5BCD /* Assets.xcassets */; };
		F84FC73023DBF817003F5BCD /* LaunchScreen.storyboard in Resources */ = {isa = PBXBuildFile; fileRef = F84FC72E23DBF817003F5BCD /* LaunchScreen.storyboard */; };
		F84FC73B23DBF817003F5BCD /* pokedexSwiftTests.swift in Sources */ = {isa = PBXBuildFile; fileRef = F84FC73A23DBF817003F5BCD /* pokedexSwiftTests.swift */; };
		F84FC74623DBF817003F5BCD /* pokedexSwiftUITests.swift in Sources */ = {isa = PBXBuildFile; fileRef = F84FC74523DBF817003F5BCD /* pokedexSwiftUITests.swift */; };
/* End PBXBuildFile section */

/* Begin PBXContainerItemProxy section */
		F84FC73723DBF817003F5BCD /* PBXContainerItemProxy */ = {
			isa = PBXContainerItemProxy;
			containerPortal = F84FC71823DBF816003F5BCD /* Project object */;
			proxyType = 1;
			remoteGlobalIDString = F84FC71F23DBF816003F5BCD;
			remoteInfo = pokedexSwift;
		};
		F84FC74223DBF817003F5BCD /* PBXContainerItemProxy */ = {
			isa = PBXContainerItemProxy;
			containerPortal = F84FC71823DBF816003F5BCD /* Project object */;
			proxyType = 1;
			remoteGlobalIDString = F84FC71F23DBF816003F5BCD;
			remoteInfo = pokedexSwift;
		};
/* End PBXContainerItemProxy section */

/* Begin PBXFileReference section */
		F84FC72023DBF816003F5BCD /* pokedexSwift.app */ = {isa = PBXFileReference; explicitFileType = wrapper.application; includeInIndex = 0; path = pokedexSwift.app; sourceTree = BUILT_PRODUCTS_DIR; };
		F84FC72323DBF816003F5BCD /* AppDelegate.swift */ = {isa = PBXFileReference; lastKnownFileType = sourcecode.swift; path = AppDelegate.swift; sourceTree = "<group>"; };
		F84FC72523DBF816003F5BCD /* SceneDelegate.swift */ = {isa = PBXFileReference; lastKnownFileType = sourcecode.swift; path = SceneDelegate.swift; sourceTree = "<group>"; };
		F84FC72723DBF816003F5BCD /* ViewController.swift */ = {isa = PBXFileReference; lastKnownFileType = sourcecode.swift; path = ViewController.swift; sourceTree = "<group>"; };
		F84FC72A23DBF816003F5BCD /* Base */ = {isa = PBXFileReference; lastKnownFileType = file.storyboard; name = Base; path = Base.lproj/Main.storyboard; sourceTree = "<group>"; };
		F84FC72C23DBF817003F5BCD /* Assets.xcassets */ = {isa = PBXFileReference; lastKnownFileType = folder.assetcatalog; path = Assets.xcassets; sourceTree = "<group>"; };
		F84FC72F23DBF817003F5BCD /* Base */ = {isa = PBXFileReference; lastKnownFileType = file.storyboard; name = Base; path = Base.lproj/LaunchScreen.storyboard; sourceTree = "<group>"; };
		F84FC73123DBF817003F5BCD /* Info.plist */ = {isa = PBXFileReference; lastKnownFileType = text.plist.xml; path = Info.plist; sourceTree = "<group>"; };
		F84FC73623DBF817003F5BCD /* pokedexSwiftTests.xctest */ = {isa = PBXFileReference; explicitFileType = wrapper.cfbundle; includeInIndex = 0; path = pokedexSwiftTests.xctest; sourceTree = BUILT_PRODUCTS_DIR; };
		F84FC73A23DBF817003F5BCD /* pokedexSwiftTests.swift */ = {isa = PBXFileReference; lastKnownFileType = sourcecode.swift; path = pokedexSwiftTests.swift; sourceTree = "<group>"; };
		F84FC73C23DBF817003F5BCD /* Info.plist */ = {isa = PBXFileReference; lastKnownFileType = text.plist.xml; path = Info.plist; sourceTree = "<group>"; };
		F84FC74123DBF817003F5BCD /* pokedexSwiftUITests.xctest */ = {isa = PBXFileReference; explicitFileType = wrapper.cfbundle; includeInIndex = 0; path = pokedexSwiftUITests.xctest; sourceTree = BUILT_PRODUCTS_DIR; };
		F84FC74523DBF817003F5BCD /* pokedexSwiftUITests.swift */ = {isa = PBXFileReference; lastKnownFileType = sourcecode.swift; path = pokedexSwiftUITests.swift; sourceTree = "<group>"; };
		F84FC74723DBF817003F5BCD /* Info.plist */ = {isa = PBXFileReference; lastKnownFileType = text.plist.xml; path = Info.plist; sourceTree = "<group>"; };
/* End PBXFileReference section */

/* Begin PBXFrameworksBuildPhase section */
		F84FC71D23DBF816003F5BCD /* Frameworks */ = {
			isa = PBXFrameworksBuildPhase;
			buildActionMask = 2147483647;
			files = (
			);
			runOnlyForDeploymentPostprocessing = 0;
		};
		F84FC73323DBF817003F5BCD /* Frameworks */ = {
			isa = PBXFrameworksBuildPhase;
			buildActionMask = 2147483647;
			files = (
			);
			runOnlyForDeploymentPostprocessing = 0;
		};
		F84FC73E23DBF817003F5BCD /* Frameworks */ = {
			isa = PBXFrameworksBuildPhase;
			buildActionMask = 2147483647;
			files = (
			);
			runOnlyForDeploymentPostprocessing = 0;
		};
/* End PBXFrameworksBuildPhase section */

/* Begin PBXGroup section */
		F84FC71723DBF816003F5BCD = {
			isa = PBXGroup;
			children = (
				F84FC72223DBF816003F5BCD /* pokedexSwift */,
				F84FC73923DBF817003F5BCD /* pokedexSwiftTests */,
				F84FC74423DBF817003F5BCD /* pokedexSwiftUITests */,
				F84FC72123DBF816003F5BCD /* Products */,
			);
			sourceTree = "<group>";
		};
		F84FC72123DBF816003F5BCD /* Products */ = {
			isa = PBXGroup;
			children = (
				F84FC72023DBF816003F5BCD /* pokedexSwift.app */,
				F84FC73623DBF817003F5BCD /* pokedexSwiftTests.xctest */,
				F84FC74123DBF817003F5BCD /* pokedexSwiftUITests.xctest */,
			);
			name = Products;
			sourceTree = "<group>";
		};
		F84FC72223DBF816003F5BCD /* pokedexSwift */ = {
			isa = PBXGroup;
			children = (
				F84FC72323DBF816003F5BCD /* AppDelegate.swift */,
				F84FC72523DBF816003F5BCD /* SceneDelegate.swift */,
				F84FC72723DBF816003F5BCD /* ViewController.swift */,
				F84FC72923DBF816003F5BCD /* Main.storyboard */,
				F84FC72C23DBF817003F5BCD /* Assets.xcassets */,
				F84FC72E23DBF817003F5BCD /* LaunchScreen.storyboard */,
				F84FC73123DBF817003F5BCD /* Info.plist */,
			);
			path = pokedexSwift;
			sourceTree = "<group>";
		};
		F84FC73923DBF817003F5BCD /* pokedexSwiftTests */ = {
			isa = PBXGroup;
			children = (
				F84FC73A23DBF817003F5BCD /* pokedexSwiftTests.swift */,
				F84FC73C23DBF817003F5BCD /* Info.plist */,
			);
			path = pokedexSwiftTests;
			sourceTree = "<group>";
		};
		F84FC74423DBF817003F5BCD /* pokedexSwiftUITests */ = {
			isa = PBXGroup;
			children = (
				F84FC74523DBF817003F5BCD /* pokedexSwiftUITests.swift */,
				F84FC74723DBF817003F5BCD /* Info.plist */,
			);
			path = pokedexSwiftUITests;
			sourceTree = "<group>";
		};
/* End PBXGroup section */

/* Begin PBXNativeTarget section */
		F84FC71F23DBF816003F5BCD /* pokedexSwift */ = {
			isa = PBXNativeTarget;
			buildConfigurationList = F84FC74A23DBF817003F5BCD /* Build configuration list for PBXNativeTarget "pokedexSwift" */;
			buildPhases = (
				F84FC71C23DBF816003F5BCD /* Sources */,
				F84FC71D23DBF816003F5BCD /* Frameworks */,
				F84FC71E23DBF816003F5BCD /* Resources */,
			);
			buildRules = (
			);
			dependencies = (
			);
			name = pokedexSwift;
			productName = pokedexSwift;
			productReference = F84FC72023DBF816003F5BCD /* pokedexSwift.app */;
			productType = "com.apple.product-type.application";
		};
		F84FC73523DBF817003F5BCD /* pokedexSwiftTests */ = {
			isa = PBXNativeTarget;
			buildConfigurationList = F84FC74D23DBF817003F5BCD /* Build configuration list for PBXNativeTarget "pokedexSwiftTests" */;
			buildPhases = (
				F84FC73223DBF817003F5BCD /* Sources */,
				F84FC73323DBF817003F5BCD /* Frameworks */,
				F84FC73423DBF817003F5BCD /* Resources */,
			);
			buildRules = (
			);
			dependencies = (
				F84FC73823DBF817003F5BCD /* PBXTargetDependency */,
			);
			name = pokedexSwiftTests;
			productName = pokedexSwiftTests;
			productReference = F84FC73623DBF817003F5BCD /* pokedexSwiftTests.xctest */;
			productType = "com.apple.product-type.bundle.unit-test";
		};
		F84FC74023DBF817003F5BCD /* pokedexSwiftUITests */ = {
			isa = PBXNativeTarget;
			buildConfigurationList = F84FC75023DBF817003F5BCD /* Build configuration list for PBXNativeTarget "pokedexSwiftUITests" */;
			buildPhases = (
				F84FC73D23DBF817003F5BCD /* Sources */,
				F84FC73E23DBF817003F5BCD /* Frameworks */,
				F84FC73F23DBF817003F5BCD /* Resources */,
			);
			buildRules = (
			);
			dependencies = (
				F84FC74323DBF817003F5BCD /* PBXTargetDependency */,
			);
			name = pokedexSwiftUITests;
			productName = pokedexSwiftUITests;
			productReference = F84FC74123DBF817003F5BCD /* pokedexSwiftUITests.xctest */;
			productType = "com.apple.product-type.bundle.ui-testing";
		};
/* End PBXNativeTarget section */

/* Begin PBXProject section */
		F84FC71823DBF816003F5BCD /* Project object */ = {
			isa = PBXProject;
			attributes = {
				LastSwiftUpdateCheck = 1130;
				LastUpgradeCheck = 1130;
				ORGANIZATIONNAME = jodavasi;
				TargetAttributes = {
					F84FC71F23DBF816003F5BCD = {
						CreatedOnToolsVersion = 11.3.1;
					};
					F84FC73523DBF817003F5BCD = {
						CreatedOnToolsVersion = 11.3.1;
						TestTargetID = F84FC71F23DBF816003F5BCD;
					};
					F84FC74023DBF817003F5BCD = {
						CreatedOnToolsVersion = 11.3.1;
						TestTargetID = F84FC71F23DBF816003F5BCD;
					};
				};
			};
			buildConfigurationList = F84FC71B23DBF816003F5BCD /* Build configuration list for PBXProject "pokedexSwift" */;
			compatibilityVersion = "Xcode 9.3";
			developmentRegion = en;
			hasScannedForEncodings = 0;
			knownRegions = (
				en,
				Base,
			);
			mainGroup = F84FC71723DBF816003F5BCD;
			productRefGroup = F84FC72123DBF816003F5BCD /* Products */;
			projectDirPath = "";
			projectRoot = "";
			targets = (
				F84FC71F23DBF816003F5BCD /* pokedexSwift */,
				F84FC73523DBF817003F5BCD /* pokedexSwiftTests */,
				F84FC74023DBF817003F5BCD /* pokedexSwiftUITests */,
			);
		};
/* End PBXProject section */

/* Begin PBXResourcesBuildPhase section */
		F84FC71E23DBF816003F5BCD /* Resources */ = {
			isa = PBXResourcesBuildPhase;
			buildActionMask = 2147483647;
			files = (
				F84FC73023DBF817003F5BCD /* LaunchScreen.storyboard in Resources */,
				F84FC72D23DBF817003F5BCD /* Assets.xcassets in Resources */,
				F84FC72B23DBF816003F5BCD /* Main.storyboard in Resources */,
			);
			runOnlyForDeploymentPostprocessing = 0;
		};
		F84FC73423DBF817003F5BCD /* Resources */ = {
			isa = PBXResourcesBuildPhase;
			buildActionMask = 2147483647;
			files = (
			);
			runOnlyForDeploymentPostprocessing = 0;
		};
		F84FC73F23DBF817003F5BCD /* Resources */ = {
			isa = PBXResourcesBuildPhase;
			buildActionMask = 2147483647;
			files = (
			);
			runOnlyForDeploymentPostprocessing = 0;
		};
/* End PBXResourcesBuildPhase section */

/* Begin PBXSourcesBuildPhase section */
		F84FC71C23DBF816003F5BCD /* Sources */ = {
			isa = PBXSourcesBuildPhase;
			buildActionMask = 2147483647;
			files = (
				F84FC72823DBF816003F5BCD /* ViewController.swift in Sources */,
				F84FC72423DBF816003F5BCD /* AppDelegate.swift in Sources */,
				F84FC72623DBF816003F5BCD /* SceneDelegate.swift in Sources */,
			);
			runOnlyForDeploymentPostprocessing = 0;
		};
		F84FC73223DBF817003F5BCD /* Sources */ = {
			isa = PBXSourcesBuildPhase;
			buildActionMask = 2147483647;
			files = (
				F84FC73B23DBF817003F5BCD /* pokedexSwiftTests.swift in Sources */,
			);
			runOnlyForDeploymentPostprocessing = 0;
		};
		F84FC73D23DBF817003F5BCD /* Sources */ = {
			isa = PBXSourcesBuildPhase;
			buildActionMask = 2147483647;
			files = (
				F84FC74623DBF817003F5BCD /* pokedexSwiftUITests.swift in Sources */,
			);
			runOnlyForDeploymentPostprocessing = 0;
		};
/* End PBXSourcesBuildPhase section */

/* Begin PBXTargetDependency section */
		F84FC73823DBF817003F5BCD /* PBXTargetDependency */ = {
			isa = PBXTargetDependency;
			target = F84FC71F23DBF816003F5BCD /* pokedexSwift */;
			targetProxy = F84FC73723DBF817003F5BCD /* PBXContainerItemProxy */;
		};
		F84FC74323DBF817003F5BCD /* PBXTargetDependency */ = {
			isa = PBXTargetDependency;
			target = F84FC71F23DBF816003F5BCD /* pokedexSwift */;
			targetProxy = F84FC74223DBF817003F5BCD /* PBXContainerItemProxy */;
		};
/* End PBXTargetDependency section */

/* Begin PBXVariantGroup section */
		F84FC72923DBF816003F5BCD /* Main.storyboard */ = {
			isa = PBXVariantGroup;
			children = (
				F84FC72A23DBF816003F5BCD /* Base */,
			);
			name = Main.storyboard;
			sourceTree = "<group>";
		};
		F84FC72E23DBF817003F5BCD /* LaunchScreen.storyboard */ = {
			isa = PBXVariantGroup;
			children = (
				F84FC72F23DBF817003F5BCD /* Base */,
			);
			name = LaunchScreen.storyboard;
			sourceTree = "<group>";
		};
/* End PBXVariantGroup section */

/* Begin XCBuildConfiguration section */
		F84FC74823DBF817003F5BCD /* Debug */ = {
			isa = XCBuildConfiguration;
			buildSettings = {
				ALWAYS_SEARCH_USER_PATHS = NO;
				CLANG_ANALYZER_NONNULL = YES;
				CLANG_ANALYZER_NUMBER_OBJECT_CONVERSION = YES_AGGRESSIVE;
				CLANG_CXX_LANGUAGE_STANDARD = "gnu++14";
				CLANG_CXX_LIBRARY = "libc++";
				CLANG_ENABLE_MODULES = YES;
				CLANG_ENABLE_OBJC_ARC = YES;
				CLANG_ENABLE_OBJC_WEAK = YES;
				CLANG_WARN_BLOCK_CAPTURE_AUTORELEASING = YES;
				CLANG_WARN_BOOL_CONVERSION = YES;
				CLANG_WARN_COMMA = YES;
				CLANG_WARN_CONSTANT_CONVERSION = YES;
				CLANG_WARN_DEPRECATED_OBJC_IMPLEMENTATIONS = YES;
				CLANG_WARN_DIRECT_OBJC_ISA_USAGE = YES_ERROR;
				CLANG_WARN_DOCUMENTATION_COMMENTS = YES;
				CLANG_WARN_EMPTY_BODY = YES;
				CLANG_WARN_ENUM_CONVERSION = YES;
				CLANG_WARN_INFINITE_RECURSION = YES;
				CLANG_WARN_INT_CONVERSION = YES;
				CLANG_WARN_NON_LITERAL_NULL_CONVERSION = YES;
				CLANG_WARN_OBJC_IMPLICIT_RETAIN_SELF = YES;
				CLANG_WARN_OBJC_LITERAL_CONVERSION = YES;
				CLANG_WARN_OBJC_ROOT_CLASS = YES_ERROR;
				CLANG_WARN_RANGE_LOOP_ANALYSIS = YES;
				CLANG_WARN_STRICT_PROTOTYPES = YES;
				CLANG_WARN_SUSPICIOUS_MOVE = YES;
				CLANG_WARN_UNGUARDED_AVAILABILITY = YES_AGGRESSIVE;
				CLANG_WARN_UNREACHABLE_CODE = YES;
				CLANG_WARN__DUPLICATE_METHOD_MATCH = YES;
				COPY_PHASE_STRIP = NO;
				DEBUG_INFORMATION_FORMAT = dwarf;
				ENABLE_STRICT_OBJC_MSGSEND = YES;
				ENABLE_TESTABILITY = YES;
				GCC_C_LANGUAGE_STANDARD = gnu11;
				GCC_DYNAMIC_NO_PIC = NO;
				GCC_NO_COMMON_BLOCKS = YES;
				GCC_OPTIMIZATION_LEVEL = 0;
				GCC_PREPROCESSOR_DEFINITIONS = (
					"DEBUG=1",
					"$(inherited)",
				);
				GCC_WARN_64_TO_32_BIT_CONVERSION = YES;
				GCC_WARN_ABOUT_RETURN_TYPE = YES_ERROR;
				GCC_WARN_UNDECLARED_SELECTOR = YES;
				GCC_WARN_UNINITIALIZED_AUTOS = YES_AGGRESSIVE;
				GCC_WARN_UNUSED_FUNCTION = YES;
				GCC_WARN_UNUSED_VARIABLE = YES;
				IPHONEOS_DEPLOYMENT_TARGET = 13.2;
				MTL_ENABLE_DEBUG_INFO = INCLUDE_SOURCE;
				MTL_FAST_MATH = YES;
				ONLY_ACTIVE_ARCH = YES;
				SDKROOT = iphoneos;
				SWIFT_ACTIVE_COMPILATION_CONDITIONS = DEBUG;
				SWIFT_OPTIMIZATION_LEVEL = "-Onone";
			};
			name = Debug;
		};
		F84FC74923DBF817003F5BCD /* Release */ = {
			isa = XCBuildConfiguration;
			buildSettings = {
				ALWAYS_SEARCH_USER_PATHS = NO;
				CLANG_ANALYZER_NONNULL = YES;
				CLANG_ANALYZER_NUMBER_OBJECT_CONVERSION = YES_AGGRESSIVE;
				CLANG_CXX_LANGUAGE_STANDARD = "gnu++14";
				CLANG_CXX_LIBRARY = "libc++";
				CLANG_ENABLE_MODULES = YES;
				CLANG_ENABLE_OBJC_ARC = YES;
				CLANG_ENABLE_OBJC_WEAK = YES;
				CLANG_WARN_BLOCK_CAPTURE_AUTORELEASING = YES;
				CLANG_WARN_BOOL_CONVERSION = YES;
				CLANG_WARN_COMMA = YES;
				CLANG_WARN_CONSTANT_CONVERSION = YES;
				CLANG_WARN_DEPRECATED_OBJC_IMPLEMENTATIONS = YES;
				CLANG_WARN_DIRECT_OBJC_ISA_USAGE = YES_ERROR;
				CLANG_WARN_DOCUMENTATION_COMMENTS = YES;
				CLANG_WARN_EMPTY_BODY = YES;
				CLANG_WARN_ENUM_CONVERSION = YES;
				CLANG_WARN_INFINITE_RECURSION = YES;
				CLANG_WARN_INT_CONVERSION = YES;
				CLANG_WARN_NON_LITERAL_NULL_CONVERSION = YES;
				CLANG_WARN_OBJC_IMPLICIT_RETAIN_SELF = YES;
				CLANG_WARN_OBJC_LITERAL_CONVERSION = YES;
				CLANG_WARN_OBJC_ROOT_CLASS = YES_ERROR;
				CLANG_WARN_RANGE_LOOP_ANALYSIS = YES;
				CLANG_WARN_STRICT_PROTOTYPES = YES;
				CLANG_WARN_SUSPICIOUS_MOVE = YES;
				CLANG_WARN_UNGUARDED_AVAILABILITY = YES_AGGRESSIVE;
				CLANG_WARN_UNREACHABLE_CODE = YES;
				CLANG_WARN__DUPLICATE_METHOD_MATCH = YES;
				COPY_PHASE_STRIP = NO;
				DEBUG_INFORMATION_FORMAT = "dwarf-with-dsym";
				ENABLE_NS_ASSERTIONS = NO;
				ENABLE_STRICT_OBJC_MSGSEND = YES;
				GCC_C_LANGUAGE_STANDARD = gnu11;
				GCC_NO_COMMON_BLOCKS = YES;
				GCC_WARN_64_TO_32_BIT_CONVERSION = YES;
				GCC_WARN_ABOUT_RETURN_TYPE = YES_ERROR;
				GCC_WARN_UNDECLARED_SELECTOR = YES;
				GCC_WARN_UNINITIALIZED_AUTOS = YES_AGGRESSIVE;
				GCC_WARN_UNUSED_FUNCTION = YES;
				GCC_WARN_UNUSED_VARIABLE = YES;
				IPHONEOS_DEPLOYMENT_TARGET = 13.2;
				MTL_ENABLE_DEBUG_INFO = NO;
				MTL_FAST_MATH = YES;
				SDKROOT = iphoneos;
				SWIFT_COMPILATION_MODE = wholemodule;
				SWIFT_OPTIMIZATION_LEVEL = "-O";
				VALIDATE_PRODUCT = YES;
			};
			name = Release;
		};
		F84FC74B23DBF817003F5BCD /* Debug */ = {
			isa = XCBuildConfiguration;
			buildSettings = {
				ASSETCATALOG_COMPILER_APPICON_NAME = AppIcon;
				CODE_SIGN_STYLE = Automatic;
				INFOPLIST_FILE = pokedexSwift/Info.plist;
				LD_RUNPATH_SEARCH_PATHS = (
					"$(inherited)",
					"@executable_path/Frameworks",
				);
				PRODUCT_BUNDLE_IDENTIFIER = josCai.pokedexSwift;
				PRODUCT_NAME = "$(TARGET_NAME)";
				SWIFT_VERSION = 5.0;
				TARGETED_DEVICE_FAMILY = "1,2";
			};
			name = Debug;
		};
		F84FC74C23DBF817003F5BCD /* Release */ = {
			isa = XCBuildConfiguration;
			buildSettings = {
				ASSETCATALOG_COMPILER_APPICON_NAME = AppIcon;
				CODE_SIGN_STYLE = Automatic;
				INFOPLIST_FILE = pokedexSwift/Info.plist;
				LD_RUNPATH_SEARCH_PATHS = (
					"$(inherited)",
					"@executable_path/Frameworks",
				);
				PRODUCT_BUNDLE_IDENTIFIER = josCai.pokedexSwift;
				PRODUCT_NAME = "$(TARGET_NAME)";
				SWIFT_VERSION = 5.0;
				TARGETED_DEVICE_FAMILY = "1,2";
			};
			name = Release;
		};
		F84FC74E23DBF817003F5BCD /* Debug */ = {
			isa = XCBuildConfiguration;
			buildSettings = {
				ALWAYS_EMBED_SWIFT_STANDARD_LIBRARIES = YES;
				BUNDLE_LOADER = "$(TEST_HOST)";
				CODE_SIGN_STYLE = Automatic;
				INFOPLIST_FILE = pokedexSwiftTests/Info.plist;
				IPHONEOS_DEPLOYMENT_TARGET = 13.2;
				LD_RUNPATH_SEARCH_PATHS = (
					"$(inherited)",
					"@executable_path/Frameworks",
					"@loader_path/Frameworks",
				);
				PRODUCT_BUNDLE_IDENTIFIER = josCai.pokedexSwiftTests;
				PRODUCT_NAME = "$(TARGET_NAME)";
				SWIFT_VERSION = 5.0;
				TARGETED_DEVICE_FAMILY = "1,2";
				TEST_HOST = "$(BUILT_PRODUCTS_DIR)/pokedexSwift.app/pokedexSwift";
			};
			name = Debug;
		};
		F84FC74F23DBF817003F5BCD /* Release */ = {
			isa = XCBuildConfiguration;
			buildSettings = {
				ALWAYS_EMBED_SWIFT_STANDARD_LIBRARIES = YES;
				BUNDLE_LOADER = "$(TEST_HOST)";
				CODE_SIGN_STYLE = Automatic;
				INFOPLIST_FILE = pokedexSwiftTests/Info.plist;
				IPHONEOS_DEPLOYMENT_TARGET = 13.2;
				LD_RUNPATH_SEARCH_PATHS = (
					"$(inherited)",
					"@executable_path/Frameworks",
					"@loader_path/Frameworks",
				);
				PRODUCT_BUNDLE_IDENTIFIER = josCai.pokedexSwiftTests;
				PRODUCT_NAME = "$(TARGET_NAME)";
				SWIFT_VERSION = 5.0;
				TARGETED_DEVICE_FAMILY = "1,2";
				TEST_HOST = "$(BUILT_PRODUCTS_DIR)/pokedexSwift.app/pokedexSwift";
			};
			name = Release;
		};
		F84FC75123DBF817003F5BCD /* Debug */ = {
			isa = XCBuildConfiguration;
			buildSettings = {
				ALWAYS_EMBED_SWIFT_STANDARD_LIBRARIES = YES;
				CODE_SIGN_STYLE = Automatic;
				INFOPLIST_FILE = pokedexSwiftUITests/Info.plist;
				LD_RUNPATH_SEARCH_PATHS = (
					"$(inherited)",
					"@executable_path/Frameworks",
					"@loader_path/Frameworks",
				);
				PRODUCT_BUNDLE_IDENTIFIER = josCai.pokedexSwiftUITests;
				PRODUCT_NAME = "$(TARGET_NAME)";
				SWIFT_VERSION = 5.0;
				TARGETED_DEVICE_FAMILY = "1,2";
				TEST_TARGET_NAME = pokedexSwift;
			};
			name = Debug;
		};
		F84FC75223DBF817003F5BCD /* Release */ = {
			isa = XCBuildConfiguration;
			buildSettings = {
				ALWAYS_EMBED_SWIFT_STANDARD_LIBRARIES = YES;
				CODE_SIGN_STYLE = Automatic;
				INFOPLIST_FILE = pokedexSwiftUITests/Info.plist;
				LD_RUNPATH_SEARCH_PATHS = (
					"$(inherited)",
					"@executable_path/Frameworks",
					"@loader_path/Frameworks",
				);
				PRODUCT_BUNDLE_IDENTIFIER = josCai.pokedexSwiftUITests;
				PRODUCT_NAME = "$(TARGET_NAME)";
				SWIFT_VERSION = 5.0;
				TARGETED_DEVICE_FAMILY = "1,2";
				TEST_TARGET_NAME = pokedexSwift;
			};
			name = Release;
		};
/* End XCBuildConfiguration section */

/* Begin XCConfigurationList section */
		F84FC71B23DBF816003F5BCD /* Build configuration list for PBXProject "pokedexSwift" */ = {
			isa = XCConfigurationList;
			buildConfigurations = (
				F84FC74823DBF817003F5BCD /* Debug */,
				F84FC74923DBF817003F5BCD /* Release */,
			);
			defaultConfigurationIsVisible = 0;
			defaultConfigurationName = Release;
		};
		F84FC74A23DBF817003F5BCD /* Build configuration list for PBXNativeTarget "pokedexSwift" */ = {
			isa = XCConfigurationList;
			buildConfigurations = (
				F84FC74B23DBF817003F5BCD /* Debug */,
				F84FC74C23DBF817003F5BCD /* Release */,
			);
			defaultConfigurationIsVisible = 0;
			defaultConfigurationName = Release;
		};
		F84FC74D23DBF817003F5BCD /* Build configuration list for PBXNativeTarget "pokedexSwiftTests" */ = {
			isa = XCConfigurationList;
			buildConfigurations = (
				F84FC74E23DBF817003F5BCD /* Debug */,
				F84FC74F23DBF817003F5BCD /* Release */,
			);
			defaultConfigurationIsVisible = 0;
			defaultConfigurationName = Release;
		};
		F84FC75023DBF817003F5BCD /* Build configuration list for PBXNativeTarget "pokedexSwiftUITests" */ = {
			isa = XCConfigurationList;
			buildConfigurations = (
				F84FC75123DBF817003F5BCD /* Debug */,
				F84FC75223DBF817003F5BCD /* Release */,
			);
			defaultConfigurationIsVisible = 0;
			defaultConfigurationName = Release;
		};
/* End XCConfigurationList section */
	};
	rootObject = F84FC71823DBF816003F5BCD /* Project object */;
}
